
Microsoft Visual Studio Solution File, Format Version 12.00
# Visual Studio 15
VisualStudioVersion = 15.0.28010.2046
MinimumVisualStudioVersion = 10.0.40219.1
Project("{FAE04EC0-301F-11D3-BF4B-00C04F79EFBC}") = "V2Capstone", "V2Capstone\V2Capstone.csproj", "{F0A2F085-60F5-4603-981E-6627B21E10FD}"
EndProject
Global
	GlobalSection(SolutionConfigurationPlatforms) = preSolution
		Debug|Any CPU = Debug|Any CPU
		Release|Any CPU = Release|Any CPU
	EndGlobalSection
	GlobalSection(ProjectConfigurationPlatforms) = postSolution
		{F0A2F085-60F5-4603-981E-6627B21E10FD}.Debug|Any CPU.ActiveCfg = Debug|Any CPU
		{F0A2F085-60F5-4603-981E-6627B21E10FD}.Debug|Any CPU.Build.0 = Debug|Any CPU
		{F0A2F085-60F5-4603-981E-6627B21E10FD}.Release|Any CPU.ActiveCfg = Release|Any CPU
		{F0A2F085-60F5-4603-981E-6627B21E10FD}.Release|Any CPU.Build.0 = Release|Any CPU
	EndGlobalSection
	GlobalSection(SolutionProperties) = preSolution
		HideSolutionNode = FALSE
	EndGlobalSection
	GlobalSection(ExtensibilityGlobals) = postSolution
		SolutionGuid = {8D3C8F31-FD82-46A5-AC30-644B64935F59}
	EndGlobalSection
EndGlobal
